// !$*UTF8*$!
{
	archiveVersion = 1;
	classes = {
	};
	objectVersion = 56;
	objects = {

/* Begin PBXBuildFile section */
		7AAD1C26E3EB02EE752DBA16 /* Pods_IChat.framework in Frameworks */ = {isa = PBXBuildFile; fileRef = 42AB623E6772144986EDF11B /* Pods_IChat.framework */; };
		FA170F522979CCA800A3894B /* GoogleService-Info.plist in Resources */ = {isa = PBXBuildFile; fileRef = FA170F512979CCA800A3894B /* GoogleService-Info.plist */; };
		FA170F542979D40B00A3894B /* UIApplication + Extension.swift in Sources */ = {isa = PBXBuildFile; fileRef = FA170F532979D40A00A3894B /* UIApplication + Extension.swift */; };
		FA1ED8CF295CCE8300403B3D /* ActiveChatCell.swift in Sources */ = {isa = PBXBuildFile; fileRef = FA1ED8CE295CCE8300403B3D /* ActiveChatCell.swift */; };
		FA29B2212965DFA4008EC14B /* WaitingChatCell.swift in Sources */ = {isa = PBXBuildFile; fileRef = FA29B2202965DFA4008EC14B /* WaitingChatCell.swift */; };
		FA29B2232965E15A008EC14B /* SelfCongiguringCell.swift in Sources */ = {isa = PBXBuildFile; fileRef = FA29B2222965E15A008EC14B /* SelfCongiguringCell.swift */; };
		FA29B2262965E628008EC14B /* SectionHeader.swift in Sources */ = {isa = PBXBuildFile; fileRef = FA29B2252965E628008EC14B /* SectionHeader.swift */; };
		FA2B77FD296F3EC00084D1BD /* AuthService.swift in Sources */ = {isa = PBXBuildFile; fileRef = FA2B77FC296F3EC00084D1BD /* AuthService.swift */; };
		FA2B77FF296F490E0084D1BD /* Validators.swift in Sources */ = {isa = PBXBuildFile; fileRef = FA2B77FE296F490E0084D1BD /* Validators.swift */; };
		FA2B7801296F4B0A0084D1BD /* AuthError.swift in Sources */ = {isa = PBXBuildFile; fileRef = FA2B7800296F4B0A0084D1BD /* AuthError.swift */; };
		FA2B7804296F52A50084D1BD /* AuthNavigatingDelegate.swift in Sources */ = {isa = PBXBuildFile; fileRef = FA2B7803296F52A50084D1BD /* AuthNavigatingDelegate.swift */; };
		FA3E5B08298FF99F002673AE /* NSLayoutConstraint + Extension.swift in Sources */ = {isa = PBXBuildFile; fileRef = FA3E5B07298FF99E002673AE /* NSLayoutConstraint + Extension.swift */; };
		FA4BD2BE295490F7001028FD /* UISegmentedControl + Extension .swift in Sources */ = {isa = PBXBuildFile; fileRef = FA4BD2BD295490F7001028FD /* UISegmentedControl + Extension .swift */; };
		FA4BD2C12954B737001028FD /* ListViewController.swift in Sources */ = {isa = PBXBuildFile; fileRef = FA4BD2C02954B737001028FD /* ListViewController.swift */; };
		FA4BD2C42954B806001028FD /* MainTabBarController.swift in Sources */ = {isa = PBXBuildFile; fileRef = FA4BD2C32954B806001028FD /* MainTabBarController.swift */; };
		FA4BD2C62954B865001028FD /* PeopleViewController.swift in Sources */ = {isa = PBXBuildFile; fileRef = FA4BD2C52954B865001028FD /* PeopleViewController.swift */; };
		FA4F461D2986E153003EBF36 /* ImageItem.swift in Sources */ = {isa = PBXBuildFile; fileRef = FA4F461C2986E153003EBF36 /* ImageItem.swift */; };
		FA6C824F295CE6760041D14F /* GradientView.swift in Sources */ = {isa = PBXBuildFile; fileRef = FA6C824E295CE6760041D14F /* GradientView.swift */; };
		FA6CC5E1294A4A37001B5CC3 /* AppDelegate.swift in Sources */ = {isa = PBXBuildFile; fileRef = FA6CC5E0294A4A37001B5CC3 /* AppDelegate.swift */; };
		FA6CC5E3294A4A37001B5CC3 /* SceneDelegate.swift in Sources */ = {isa = PBXBuildFile; fileRef = FA6CC5E2294A4A37001B5CC3 /* SceneDelegate.swift */; };
		FA6CC5E5294A4A37001B5CC3 /* AuthViewController.swift in Sources */ = {isa = PBXBuildFile; fileRef = FA6CC5E4294A4A37001B5CC3 /* AuthViewController.swift */; };
		FA6CC5EA294A4A38001B5CC3 /* Assets.xcassets in Resources */ = {isa = PBXBuildFile; fileRef = FA6CC5E9294A4A38001B5CC3 /* Assets.xcassets */; };
		FA6CC5ED294A4A38001B5CC3 /* LaunchScreen.storyboard in Resources */ = {isa = PBXBuildFile; fileRef = FA6CC5EB294A4A38001B5CC3 /* LaunchScreen.storyboard */; };
		FA6CC5F5294A573C001B5CC3 /* UIButton + Extension.swift in Sources */ = {isa = PBXBuildFile; fileRef = FA6CC5F4294A573C001B5CC3 /* UIButton + Extension.swift */; };
		FA6CC5F7294A5961001B5CC3 /* UIFont + Extension.swift in Sources */ = {isa = PBXBuildFile; fileRef = FA6CC5F6294A5961001B5CC3 /* UIFont + Extension.swift */; };
		FA6CC5F9294A5A30001B5CC3 /* UIColor + Extension.swift in Sources */ = {isa = PBXBuildFile; fileRef = FA6CC5F8294A5A30001B5CC3 /* UIColor + Extension.swift */; };
		FA6CC5FB294A601F001B5CC3 /* UILabel + Extension.swift in Sources */ = {isa = PBXBuildFile; fileRef = FA6CC5FA294A601F001B5CC3 /* UILabel + Extension.swift */; };
		FA6CC5FD294A611A001B5CC3 /* UIImageView + Extension.swift in Sources */ = {isa = PBXBuildFile; fileRef = FA6CC5FC294A611A001B5CC3 /* UIImageView + Extension.swift */; };
		FA720A64297F097000E28CF8 /* MMessage.swift in Sources */ = {isa = PBXBuildFile; fileRef = FA720A63297F097000E28CF8 /* MMessage.swift */; };
		FA720A66297F279400E28CF8 /* WaitingChatsNavigation.swift in Sources */ = {isa = PBXBuildFile; fileRef = FA720A65297F279400E28CF8 /* WaitingChatsNavigation.swift */; };
		FA796D992967270F00A78846 /* MUser.swift in Sources */ = {isa = PBXBuildFile; fileRef = FA796D982967270F00A78846 /* MUser.swift */; };
		FA796D9B2967271F00A78846 /* MChat.swift in Sources */ = {isa = PBXBuildFile; fileRef = FA796D9A2967271F00A78846 /* MChat.swift */; };
		FA796D9D2967403300A78846 /* UserCell.swift in Sources */ = {isa = PBXBuildFile; fileRef = FA796D9C2967403300A78846 /* UserCell.swift */; };
		FA796D9F2967421000A78846 /* UIViewController + Extension.swift in Sources */ = {isa = PBXBuildFile; fileRef = FA796D9E2967421000A78846 /* UIViewController + Extension.swift */; };
		FA991825295CAF2800B88EDA /* Bundle-Decodable.swift in Sources */ = {isa = PBXBuildFile; fileRef = FA991824295CAF2800B88EDA /* Bundle-Decodable.swift */; };
		FAA1A7502950BF1100FD9C1D /* ButtonFromView.swift in Sources */ = {isa = PBXBuildFile; fileRef = FAA1A74F2950BF1100FD9C1D /* ButtonFromView.swift */; };
		FAA1A7522950C7D700FD9C1D /* UIStackView + Extension.swift in Sources */ = {isa = PBXBuildFile; fileRef = FAA1A7512950C7D700FD9C1D /* UIStackView + Extension.swift */; };
		FAA1A7542950CBB800FD9C1D /* SignUpViewController.swift in Sources */ = {isa = PBXBuildFile; fileRef = FAA1A7532950CBB800FD9C1D /* SignUpViewController.swift */; };
		FAA1A7562950CF7500FD9C1D /* OneLineTextField.swift in Sources */ = {isa = PBXBuildFile; fileRef = FAA1A7552950CF7500FD9C1D /* OneLineTextField.swift */; };
		FAA1A7582950E09600FD9C1D /* LoginViewController.swift in Sources */ = {isa = PBXBuildFile; fileRef = FAA1A7572950E09600FD9C1D /* LoginViewController.swift */; };
		FAA1A75A2950F51D00FD9C1D /* SetupProfileViewController.swift in Sources */ = {isa = PBXBuildFile; fileRef = FAA1A7592950F51D00FD9C1D /* SetupProfileViewController.swift */; };
		FAA1A75C2950F7B700FD9C1D /* AddPhotoView.swift in Sources */ = {isa = PBXBuildFile; fileRef = FAA1A75B2950F7B700FD9C1D /* AddPhotoView.swift */; };
		FAA1E3A229732B3100EFDC05 /* FirestoreService.swift in Sources */ = {isa = PBXBuildFile; fileRef = FAA1E3A129732B3100EFDC05 /* FirestoreService.swift */; };
		FAA1E3A42973357500EFDC05 /* UserError.swift in Sources */ = {isa = PBXBuildFile; fileRef = FAA1E3A32973357500EFDC05 /* UserError.swift */; };
		FAA8836F297EE5C90004EAD5 /* ListenerService.swift in Sources */ = {isa = PBXBuildFile; fileRef = FAA8836E297EE5C90004EAD5 /* ListenerService.swift */; };
		FAB107FB298AEBCD003EF838 /* EyeButton.swift in Sources */ = {isa = PBXBuildFile; fileRef = FAB107FA298AEBCD003EF838 /* EyeButton.swift */; };
		FAED1E192979DB5F00B85090 /* StorageService.swift in Sources */ = {isa = PBXBuildFile; fileRef = FAED1E182979DB5F00B85090 /* StorageService.swift */; };
		FAED1E1B2979DE7800B85090 /* UIImage + Extension.swift in Sources */ = {isa = PBXBuildFile; fileRef = FAED1E1A2979DE7800B85090 /* UIImage + Extension.swift */; };
		FAEFAE06296B2B12009C7B45 /* ProfileViewController.swift in Sources */ = {isa = PBXBuildFile; fileRef = FAEFAE05296B2B12009C7B45 /* ProfileViewController.swift */; };
		FAEFAE08296B34F6009C7B45 /* InsertableTextField.swift in Sources */ = {isa = PBXBuildFile; fileRef = FAEFAE07296B34F6009C7B45 /* InsertableTextField.swift */; };
		FAEFAE0A296B3AA9009C7B45 /* UIView + Extension.swift in Sources */ = {isa = PBXBuildFile; fileRef = FAEFAE09296B3AA9009C7B45 /* UIView + Extension.swift */; };
		FAEFAE0C296B4C0E009C7B45 /* ChatRequestViewController.swift in Sources */ = {isa = PBXBuildFile; fileRef = FAEFAE0B296B4C0E009C7B45 /* ChatRequestViewController.swift */; };
		FAF394012982F1DC00A052F7 /* ChatsViewController.swift in Sources */ = {isa = PBXBuildFile; fileRef = FAF394002982F1DC00A052F7 /* ChatsViewController.swift */; };
		FAF394032983182300A052F7 /* UIScrollView + Extension .swift in Sources */ = {isa = PBXBuildFile; fileRef = FAF394022983182300A052F7 /* UIScrollView + Extension .swift */; };
/* End PBXBuildFile section */

/* Begin PBXFileReference section */
		42AB623E6772144986EDF11B /* Pods_IChat.framework */ = {isa = PBXFileReference; explicitFileType = wrapper.framework; includeInIndex = 0; path = Pods_IChat.framework; sourceTree = BUILT_PRODUCTS_DIR; };
		5B6FF7838D1671007D52E9EF /* Pods-IChat.debug.xcconfig */ = {isa = PBXFileReference; includeInIndex = 1; lastKnownFileType = text.xcconfig; name = "Pods-IChat.debug.xcconfig"; path = "Target Support Files/Pods-IChat/Pods-IChat.debug.xcconfig"; sourceTree = "<group>"; };
		B3033DF1A7BB5FF13A631DAB /* Pods-IChat.release.xcconfig */ = {isa = PBXFileReference; includeInIndex = 1; lastKnownFileType = text.xcconfig; name = "Pods-IChat.release.xcconfig"; path = "Target Support Files/Pods-IChat/Pods-IChat.release.xcconfig"; sourceTree = "<group>"; };
		FA170F512979CCA800A3894B /* GoogleService-Info.plist */ = {isa = PBXFileReference; fileEncoding = 4; lastKnownFileType = text.plist.xml; path = "GoogleService-Info.plist"; sourceTree = "<group>"; };
		FA170F532979D40A00A3894B /* UIApplication + Extension.swift */ = {isa = PBXFileReference; lastKnownFileType = sourcecode.swift; path = "UIApplication + Extension.swift"; sourceTree = "<group>"; };
		FA1ED8CE295CCE8300403B3D /* ActiveChatCell.swift */ = {isa = PBXFileReference; lastKnownFileType = sourcecode.swift; path = ActiveChatCell.swift; sourceTree = "<group>"; };
		FA29B2202965DFA4008EC14B /* WaitingChatCell.swift */ = {isa = PBXFileReference; lastKnownFileType = sourcecode.swift; path = WaitingChatCell.swift; sourceTree = "<group>"; };
		FA29B2222965E15A008EC14B /* SelfCongiguringCell.swift */ = {isa = PBXFileReference; lastKnownFileType = sourcecode.swift; path = SelfCongiguringCell.swift; sourceTree = "<group>"; };
		FA29B2252965E628008EC14B /* SectionHeader.swift */ = {isa = PBXFileReference; lastKnownFileType = sourcecode.swift; path = SectionHeader.swift; sourceTree = "<group>"; };
		FA2B77FC296F3EC00084D1BD /* AuthService.swift */ = {isa = PBXFileReference; lastKnownFileType = sourcecode.swift; path = AuthService.swift; sourceTree = "<group>"; };
		FA2B77FE296F490E0084D1BD /* Validators.swift */ = {isa = PBXFileReference; lastKnownFileType = sourcecode.swift; path = Validators.swift; sourceTree = "<group>"; };
		FA2B7800296F4B0A0084D1BD /* AuthError.swift */ = {isa = PBXFileReference; lastKnownFileType = sourcecode.swift; path = AuthError.swift; sourceTree = "<group>"; };
		FA2B7803296F52A50084D1BD /* AuthNavigatingDelegate.swift */ = {isa = PBXFileReference; lastKnownFileType = sourcecode.swift; path = AuthNavigatingDelegate.swift; sourceTree = "<group>"; };
		FA3E5B07298FF99E002673AE /* NSLayoutConstraint + Extension.swift */ = {isa = PBXFileReference; lastKnownFileType = sourcecode.swift; path = "NSLayoutConstraint + Extension.swift"; sourceTree = "<group>"; };
		FA4BD2BD295490F7001028FD /* UISegmentedControl + Extension .swift */ = {isa = PBXFileReference; lastKnownFileType = sourcecode.swift; path = "UISegmentedControl + Extension .swift"; sourceTree = "<group>"; };
		FA4BD2C02954B737001028FD /* ListViewController.swift */ = {isa = PBXFileReference; lastKnownFileType = sourcecode.swift; path = ListViewController.swift; sourceTree = "<group>"; };
		FA4BD2C32954B806001028FD /* MainTabBarController.swift */ = {isa = PBXFileReference; lastKnownFileType = sourcecode.swift; path = MainTabBarController.swift; sourceTree = "<group>"; };
		FA4BD2C52954B865001028FD /* PeopleViewController.swift */ = {isa = PBXFileReference; lastKnownFileType = sourcecode.swift; path = PeopleViewController.swift; sourceTree = "<group>"; };
		FA4F461C2986E153003EBF36 /* ImageItem.swift */ = {isa = PBXFileReference; lastKnownFileType = sourcecode.swift; path = ImageItem.swift; sourceTree = "<group>"; };
		FA6C824E295CE6760041D14F /* GradientView.swift */ = {isa = PBXFileReference; lastKnownFileType = sourcecode.swift; path = GradientView.swift; sourceTree = "<group>"; };
		FA6CC5DD294A4A37001B5CC3 /* IChat.app */ = {isa = PBXFileReference; explicitFileType = wrapper.application; includeInIndex = 0; path = IChat.app; sourceTree = BUILT_PRODUCTS_DIR; };
		FA6CC5E0294A4A37001B5CC3 /* AppDelegate.swift */ = {isa = PBXFileReference; lastKnownFileType = sourcecode.swift; path = AppDelegate.swift; sourceTree = "<group>"; };
		FA6CC5E2294A4A37001B5CC3 /* SceneDelegate.swift */ = {isa = PBXFileReference; lastKnownFileType = sourcecode.swift; path = SceneDelegate.swift; sourceTree = "<group>"; };
		FA6CC5E4294A4A37001B5CC3 /* AuthViewController.swift */ = {isa = PBXFileReference; lastKnownFileType = sourcecode.swift; path = AuthViewController.swift; sourceTree = "<group>"; };
		FA6CC5E9294A4A38001B5CC3 /* Assets.xcassets */ = {isa = PBXFileReference; lastKnownFileType = folder.assetcatalog; path = Assets.xcassets; sourceTree = "<group>"; };
		FA6CC5EC294A4A38001B5CC3 /* Base */ = {isa = PBXFileReference; lastKnownFileType = file.storyboard; name = Base; path = Base.lproj/LaunchScreen.storyboard; sourceTree = "<group>"; };
		FA6CC5EE294A4A38001B5CC3 /* Info.plist */ = {isa = PBXFileReference; lastKnownFileType = text.plist.xml; path = Info.plist; sourceTree = "<group>"; };
		FA6CC5F4294A573C001B5CC3 /* UIButton + Extension.swift */ = {isa = PBXFileReference; lastKnownFileType = sourcecode.swift; path = "UIButton + Extension.swift"; sourceTree = "<group>"; };
		FA6CC5F6294A5961001B5CC3 /* UIFont + Extension.swift */ = {isa = PBXFileReference; lastKnownFileType = sourcecode.swift; path = "UIFont + Extension.swift"; sourceTree = "<group>"; };
		FA6CC5F8294A5A30001B5CC3 /* UIColor + Extension.swift */ = {isa = PBXFileReference; lastKnownFileType = sourcecode.swift; path = "UIColor + Extension.swift"; sourceTree = "<group>"; };
		FA6CC5FA294A601F001B5CC3 /* UILabel + Extension.swift */ = {isa = PBXFileReference; lastKnownFileType = sourcecode.swift; path = "UILabel + Extension.swift"; sourceTree = "<group>"; };
		FA6CC5FC294A611A001B5CC3 /* UIImageView + Extension.swift */ = {isa = PBXFileReference; lastKnownFileType = sourcecode.swift; path = "UIImageView + Extension.swift"; sourceTree = "<group>"; };
		FA720A63297F097000E28CF8 /* MMessage.swift */ = {isa = PBXFileReference; lastKnownFileType = sourcecode.swift; path = MMessage.swift; sourceTree = "<group>"; };
		FA720A65297F279400E28CF8 /* WaitingChatsNavigation.swift */ = {isa = PBXFileReference; lastKnownFileType = sourcecode.swift; path = WaitingChatsNavigation.swift; sourceTree = "<group>"; };
		FA796D982967270F00A78846 /* MUser.swift */ = {isa = PBXFileReference; lastKnownFileType = sourcecode.swift; path = MUser.swift; sourceTree = "<group>"; };
		FA796D9A2967271F00A78846 /* MChat.swift */ = {isa = PBXFileReference; lastKnownFileType = sourcecode.swift; path = MChat.swift; sourceTree = "<group>"; };
		FA796D9C2967403300A78846 /* UserCell.swift */ = {isa = PBXFileReference; lastKnownFileType = sourcecode.swift; path = UserCell.swift; sourceTree = "<group>"; };
		FA796D9E2967421000A78846 /* UIViewController + Extension.swift */ = {isa = PBXFileReference; lastKnownFileType = sourcecode.swift; path = "UIViewController + Extension.swift"; sourceTree = "<group>"; };
		FA991824295CAF2800B88EDA /* Bundle-Decodable.swift */ = {isa = PBXFileReference; lastKnownFileType = sourcecode.swift; path = "Bundle-Decodable.swift"; sourceTree = "<group>"; };
		FAA1A74F2950BF1100FD9C1D /* ButtonFromView.swift */ = {isa = PBXFileReference; lastKnownFileType = sourcecode.swift; path = ButtonFromView.swift; sourceTree = "<group>"; };
		FAA1A7512950C7D700FD9C1D /* UIStackView + Extension.swift */ = {isa = PBXFileReference; lastKnownFileType = sourcecode.swift; path = "UIStackView + Extension.swift"; sourceTree = "<group>"; };
		FAA1A7532950CBB800FD9C1D /* SignUpViewController.swift */ = {isa = PBXFileReference; lastKnownFileType = sourcecode.swift; path = SignUpViewController.swift; sourceTree = "<group>"; };
		FAA1A7552950CF7500FD9C1D /* OneLineTextField.swift */ = {isa = PBXFileReference; lastKnownFileType = sourcecode.swift; path = OneLineTextField.swift; sourceTree = "<group>"; };
		FAA1A7572950E09600FD9C1D /* LoginViewController.swift */ = {isa = PBXFileReference; lastKnownFileType = sourcecode.swift; path = LoginViewController.swift; sourceTree = "<group>"; };
		FAA1A7592950F51D00FD9C1D /* SetupProfileViewController.swift */ = {isa = PBXFileReference; lastKnownFileType = sourcecode.swift; path = SetupProfileViewController.swift; sourceTree = "<group>"; };
		FAA1A75B2950F7B700FD9C1D /* AddPhotoView.swift */ = {isa = PBXFileReference; lastKnownFileType = sourcecode.swift; path = AddPhotoView.swift; sourceTree = "<group>"; };
		FAA1E3A129732B3100EFDC05 /* FirestoreService.swift */ = {isa = PBXFileReference; lastKnownFileType = sourcecode.swift; path = FirestoreService.swift; sourceTree = "<group>"; };
		FAA1E3A32973357500EFDC05 /* UserError.swift */ = {isa = PBXFileReference; lastKnownFileType = sourcecode.swift; path = UserError.swift; sourceTree = "<group>"; };
		FAA8836E297EE5C90004EAD5 /* ListenerService.swift */ = {isa = PBXFileReference; lastKnownFileType = sourcecode.swift; path = ListenerService.swift; sourceTree = "<group>"; };
		FAB107FA298AEBCD003EF838 /* EyeButton.swift */ = {isa = PBXFileReference; lastKnownFileType = sourcecode.swift; path = EyeButton.swift; sourceTree = "<group>"; };
		FAED1E182979DB5F00B85090 /* StorageService.swift */ = {isa = PBXFileReference; lastKnownFileType = sourcecode.swift; path = StorageService.swift; sourceTree = "<group>"; };
		FAED1E1A2979DE7800B85090 /* UIImage + Extension.swift */ = {isa = PBXFileReference; lastKnownFileType = sourcecode.swift; path = "UIImage + Extension.swift"; sourceTree = "<group>"; };
		FAEFAE05296B2B12009C7B45 /* ProfileViewController.swift */ = {isa = PBXFileReference; lastKnownFileType = sourcecode.swift; path = ProfileViewController.swift; sourceTree = "<group>"; };
		FAEFAE07296B34F6009C7B45 /* InsertableTextField.swift */ = {isa = PBXFileReference; lastKnownFileType = sourcecode.swift; path = InsertableTextField.swift; sourceTree = "<group>"; };
		FAEFAE09296B3AA9009C7B45 /* UIView + Extension.swift */ = {isa = PBXFileReference; lastKnownFileType = sourcecode.swift; path = "UIView + Extension.swift"; sourceTree = "<group>"; };
		FAEFAE0B296B4C0E009C7B45 /* ChatRequestViewController.swift */ = {isa = PBXFileReference; lastKnownFileType = sourcecode.swift; path = ChatRequestViewController.swift; sourceTree = "<group>"; };
		FAF394002982F1DC00A052F7 /* ChatsViewController.swift */ = {isa = PBXFileReference; lastKnownFileType = sourcecode.swift; path = ChatsViewController.swift; sourceTree = "<group>"; };
		FAF394022983182300A052F7 /* UIScrollView + Extension .swift */ = {isa = PBXFileReference; lastKnownFileType = sourcecode.swift; path = "UIScrollView + Extension .swift"; sourceTree = "<group>"; };
/* End PBXFileReference section */

/* Begin PBXFrameworksBuildPhase section */
		FA6CC5DA294A4A37001B5CC3 /* Frameworks */ = {
			isa = PBXFrameworksBuildPhase;
			buildActionMask = 2147483647;
			files = (
				7AAD1C26E3EB02EE752DBA16 /* Pods_IChat.framework in Frameworks */,
			);
			runOnlyForDeploymentPostprocessing = 0;
		};
/* End PBXFrameworksBuildPhase section */

/* Begin PBXGroup section */
		3806AD859512B21A585F8106 /* Pods */ = {
			isa = PBXGroup;
			children = (
				5B6FF7838D1671007D52E9EF /* Pods-IChat.debug.xcconfig */,
				B3033DF1A7BB5FF13A631DAB /* Pods-IChat.release.xcconfig */,
			);
			path = Pods;
			sourceTree = "<group>";
		};
		6BFFE50BD95CC5080BA4702B /* Frameworks */ = {
			isa = PBXGroup;
			children = (
				42AB623E6772144986EDF11B /* Pods_IChat.framework */,
			);
			name = Frameworks;
			sourceTree = "<group>";
		};
		FA1ED8CD295CCE5B00403B3D /* Cell */ = {
			isa = PBXGroup;
			children = (
				FA1ED8CE295CCE8300403B3D /* ActiveChatCell.swift */,
				FA29B2202965DFA4008EC14B /* WaitingChatCell.swift */,
				FA796D9C2967403300A78846 /* UserCell.swift */,
			);
			path = Cell;
			sourceTree = "<group>";
		};
		FA29B2242965E17D008EC14B /* Protocols */ = {
			isa = PBXGroup;
			children = (
				FA29B2222965E15A008EC14B /* SelfCongiguringCell.swift */,
				FA2B7803296F52A50084D1BD /* AuthNavigatingDelegate.swift */,
				FA720A65297F279400E28CF8 /* WaitingChatsNavigation.swift */,
			);
			path = Protocols;
			sourceTree = "<group>";
		};
		FA29B2272965F15C008EC14B /* Header */ = {
			isa = PBXGroup;
			children = (
				FA29B2252965E628008EC14B /* SectionHeader.swift */,
			);
			path = Header;
			sourceTree = "<group>";
		};
		FA2B77FB296F3E750084D1BD /* Services */ = {
			isa = PBXGroup;
			children = (
				FA2B77FC296F3EC00084D1BD /* AuthService.swift */,
				FAA1E3A129732B3100EFDC05 /* FirestoreService.swift */,
				FAED1E182979DB5F00B85090 /* StorageService.swift */,
				FAA8836E297EE5C90004EAD5 /* ListenerService.swift */,
				FA796D97296726F600A78846 /* Model */,
			);
			path = Services;
			sourceTree = "<group>";
		};
		FA2B7802296F4E3C0084D1BD /* Helpers */ = {
			isa = PBXGroup;
			children = (
				FA2B77FE296F490E0084D1BD /* Validators.swift */,
				FA2B7800296F4B0A0084D1BD /* AuthError.swift */,
				FAA1E3A32973357500EFDC05 /* UserError.swift */,
			);
			path = Helpers;
			sourceTree = "<group>";
		};
		FA4BD2C22954B7A2001028FD /* Controllers */ = {
			isa = PBXGroup;
			children = (
				FA9A9AF1299E9302009ABE6E /* SignIn&Auth */,
				FA4BD2C32954B806001028FD /* MainTabBarController.swift */,
				FA4BD2C52954B865001028FD /* PeopleViewController.swift */,
				FA4BD2C02954B737001028FD /* ListViewController.swift */,
				FAEFAE05296B2B12009C7B45 /* ProfileViewController.swift */,
				FAEFAE0B296B4C0E009C7B45 /* ChatRequestViewController.swift */,
				FAF394002982F1DC00A052F7 /* ChatsViewController.swift */,
				FA29B2272965F15C008EC14B /* Header */,
				FA1ED8CD295CCE5B00403B3D /* Cell */,
			);
			path = Controllers;
			sourceTree = "<group>";
		};
		FA6CC5D4294A4A37001B5CC3 = {
			isa = PBXGroup;
			children = (
				FA6CC5DF294A4A37001B5CC3 /* IChat */,
				FA6CC5DE294A4A37001B5CC3 /* Products */,
				3806AD859512B21A585F8106 /* Pods */,
				6BFFE50BD95CC5080BA4702B /* Frameworks */,
			);
			sourceTree = "<group>";
		};
		FA6CC5DE294A4A37001B5CC3 /* Products */ = {
			isa = PBXGroup;
			children = (
				FA6CC5DD294A4A37001B5CC3 /* IChat.app */,
			);
			name = Products;
			sourceTree = "<group>";
		};
		FA6CC5DF294A4A37001B5CC3 /* IChat */ = {
			isa = PBXGroup;
			children = (
				FA6CC5E0294A4A37001B5CC3 /* AppDelegate.swift */,
				FA6CC5E2294A4A37001B5CC3 /* SceneDelegate.swift */,
				FA2B77FB296F3E750084D1BD /* Services */,
				FA4BD2C22954B7A2001028FD /* Controllers */,
				FA29B2242965E17D008EC14B /* Protocols */,
				FAA1A74E2950BD1700FD9C1D /* Extensions */,
				FA2B7802296F4E3C0084D1BD /* Helpers */,
				FA6CC5E9294A4A38001B5CC3 /* Assets.xcassets */,
				FA6CC5EB294A4A38001B5CC3 /* LaunchScreen.storyboard */,
				FA6CC5EE294A4A38001B5CC3 /* Info.plist */,
				FA170F512979CCA800A3894B /* GoogleService-Info.plist */,
			);
			path = IChat;
			sourceTree = "<group>";
		};
		FA796D97296726F600A78846 /* Model */ = {
			isa = PBXGroup;
			children = (
				FA796D982967270F00A78846 /* MUser.swift */,
				FA796D9A2967271F00A78846 /* MChat.swift */,
				FA720A63297F097000E28CF8 /* MMessage.swift */,
				FA4F461C2986E153003EBF36 /* ImageItem.swift */,
			);
			path = Model;
			sourceTree = "<group>";
		};
		FA9A9AF1299E9302009ABE6E /* SignIn&Auth */ = {
			isa = PBXGroup;
			children = (
				FA6CC5E4294A4A37001B5CC3 /* AuthViewController.swift */,
				FAA1A7532950CBB800FD9C1D /* SignUpViewController.swift */,
				FAA1A7572950E09600FD9C1D /* LoginViewController.swift */,
				FAA1A7592950F51D00FD9C1D /* SetupProfileViewController.swift */,
			);
			path = "SignIn&Auth";
			sourceTree = "<group>";
		};
		FAA1A74D2950BC6800FD9C1D /* UIKit */ = {
			isa = PBXGroup;
			children = (
				FA6CC5FC294A611A001B5CC3 /* UIImageView + Extension.swift */,
				FA6CC5FA294A601F001B5CC3 /* UILabel + Extension.swift */,
				FA6CC5F8294A5A30001B5CC3 /* UIColor + Extension.swift */,
				FA6CC5F6294A5961001B5CC3 /* UIFont + Extension.swift */,
				FA6CC5F4294A573C001B5CC3 /* UIButton + Extension.swift */,
				FAA1A7512950C7D700FD9C1D /* UIStackView + Extension.swift */,
				FA4BD2BD295490F7001028FD /* UISegmentedControl + Extension .swift */,
				FA796D9E2967421000A78846 /* UIViewController + Extension.swift */,
				FAEFAE09296B3AA9009C7B45 /* UIView + Extension.swift */,
				FA170F532979D40A00A3894B /* UIApplication + Extension.swift */,
				FAED1E1A2979DE7800B85090 /* UIImage + Extension.swift */,
				FAF394022983182300A052F7 /* UIScrollView + Extension .swift */,
				FA3E5B07298FF99E002673AE /* NSLayoutConstraint + Extension.swift */,
			);
			path = UIKit;
			sourceTree = "<group>";
		};
		FAA1A74E2950BD1700FD9C1D /* Extensions */ = {
			isa = PBXGroup;
			children = (
				FAEFAE07296B34F6009C7B45 /* InsertableTextField.swift */,
				FAA1A74F2950BF1100FD9C1D /* ButtonFromView.swift */,
				FAA1A7552950CF7500FD9C1D /* OneLineTextField.swift */,
				FAA1A75B2950F7B700FD9C1D /* AddPhotoView.swift */,
				FA6C824E295CE6760041D14F /* GradientView.swift */,
				FA991824295CAF2800B88EDA /* Bundle-Decodable.swift */,
				FAB107FA298AEBCD003EF838 /* EyeButton.swift */,
				FAA1A74D2950BC6800FD9C1D /* UIKit */,
			);
			path = Extensions;
			sourceTree = "<group>";
		};
/* End PBXGroup section */

/* Begin PBXNativeTarget section */
		FA6CC5DC294A4A37001B5CC3 /* IChat */ = {
			isa = PBXNativeTarget;
			buildConfigurationList = FA6CC5F1294A4A38001B5CC3 /* Build configuration list for PBXNativeTarget "IChat" */;
			buildPhases = (
				4E563E1112D9B4A4D7102375 /* [CP] Check Pods Manifest.lock */,
				FA6CC5D9294A4A37001B5CC3 /* Sources */,
				FA6CC5DA294A4A37001B5CC3 /* Frameworks */,
				FA6CC5DB294A4A37001B5CC3 /* Resources */,
				269EEB30325289702D0472E3 /* [CP] Embed Pods Frameworks */,
			);
			buildRules = (
			);
			dependencies = (
			);
			name = IChat;
			productName = IChat;
			productReference = FA6CC5DD294A4A37001B5CC3 /* IChat.app */;
			productType = "com.apple.product-type.application";
		};
/* End PBXNativeTarget section */

/* Begin PBXProject section */
		FA6CC5D5294A4A37001B5CC3 /* Project object */ = {
			isa = PBXProject;
			attributes = {
				BuildIndependentTargetsInParallel = 1;
				LastSwiftUpdateCheck = 1410;
				LastUpgradeCheck = 1410;
				TargetAttributes = {
					FA6CC5DC294A4A37001B5CC3 = {
						CreatedOnToolsVersion = 14.1;
					};
				};
			};
			buildConfigurationList = FA6CC5D8294A4A37001B5CC3 /* Build configuration list for PBXProject "IChat" */;
			compatibilityVersion = "Xcode 14.0";
			developmentRegion = en;
			hasScannedForEncodings = 0;
			knownRegions = (
				en,
				Base,
			);
			mainGroup = FA6CC5D4294A4A37001B5CC3;
			productRefGroup = FA6CC5DE294A4A37001B5CC3 /* Products */;
			projectDirPath = "";
			projectRoot = "";
			targets = (
				FA6CC5DC294A4A37001B5CC3 /* IChat */,
			);
		};
/* End PBXProject section */

/* Begin PBXResourcesBuildPhase section */
		FA6CC5DB294A4A37001B5CC3 /* Resources */ = {
			isa = PBXResourcesBuildPhase;
			buildActionMask = 2147483647;
			files = (
				FA6CC5ED294A4A38001B5CC3 /* LaunchScreen.storyboard in Resources */,
				FA6CC5EA294A4A38001B5CC3 /* Assets.xcassets in Resources */,
				FA170F522979CCA800A3894B /* GoogleService-Info.plist in Resources */,
			);
			runOnlyForDeploymentPostprocessing = 0;
		};
/* End PBXResourcesBuildPhase section */

/* Begin PBXShellScriptBuildPhase section */
		269EEB30325289702D0472E3 /* [CP] Embed Pods Frameworks */ = {
			isa = PBXShellScriptBuildPhase;
			buildActionMask = 2147483647;
			files = (
			);
			inputFileListPaths = (
				"${PODS_ROOT}/Target Support Files/Pods-IChat/Pods-IChat-frameworks-${CONFIGURATION}-input-files.xcfilelist",
			);
			name = "[CP] Embed Pods Frameworks";
			outputFileListPaths = (
				"${PODS_ROOT}/Target Support Files/Pods-IChat/Pods-IChat-frameworks-${CONFIGURATION}-output-files.xcfilelist",
			);
			runOnlyForDeploymentPostprocessing = 0;
			shellPath = /bin/sh;
			shellScript = "\"${PODS_ROOT}/Target Support Files/Pods-IChat/Pods-IChat-frameworks.sh\"\n";
			showEnvVarsInLog = 0;
		};
		4E563E1112D9B4A4D7102375 /* [CP] Check Pods Manifest.lock */ = {
			isa = PBXShellScriptBuildPhase;
			buildActionMask = 2147483647;
			files = (
			);
			inputFileListPaths = (
			);
			inputPaths = (
				"${PODS_PODFILE_DIR_PATH}/Podfile.lock",
				"${PODS_ROOT}/Manifest.lock",
			);
			name = "[CP] Check Pods Manifest.lock";
			outputFileListPaths = (
			);
			outputPaths = (
				"$(DERIVED_FILE_DIR)/Pods-IChat-checkManifestLockResult.txt",
			);
			runOnlyForDeploymentPostprocessing = 0;
			shellPath = /bin/sh;
			shellScript = "diff \"${PODS_PODFILE_DIR_PATH}/Podfile.lock\" \"${PODS_ROOT}/Manifest.lock\" > /dev/null\nif [ $? != 0 ] ; then\n    # print error to STDERR\n    echo \"error: The sandbox is not in sync with the Podfile.lock. Run 'pod install' or update your CocoaPods installation.\" >&2\n    exit 1\nfi\n# This output is used by Xcode 'outputs' to avoid re-running this script phase.\necho \"SUCCESS\" > \"${SCRIPT_OUTPUT_FILE_0}\"\n";
			showEnvVarsInLog = 0;
		};
/* End PBXShellScriptBuildPhase section */

/* Begin PBXSourcesBuildPhase section */
		FA6CC5D9294A4A37001B5CC3 /* Sources */ = {
			isa = PBXSourcesBuildPhase;
			buildActionMask = 2147483647;
			files = (
				FA796D9B2967271F00A78846 /* MChat.swift in Sources */,
				FA4BD2C12954B737001028FD /* ListViewController.swift in Sources */,
				FAA1A7562950CF7500FD9C1D /* OneLineTextField.swift in Sources */,
				FA29B2262965E628008EC14B /* SectionHeader.swift in Sources */,
				FA170F542979D40B00A3894B /* UIApplication + Extension.swift in Sources */,
				FA29B2232965E15A008EC14B /* SelfCongiguringCell.swift in Sources */,
				FA6C824F295CE6760041D14F /* GradientView.swift in Sources */,
				FA2B7801296F4B0A0084D1BD /* AuthError.swift in Sources */,
				FA4BD2C42954B806001028FD /* MainTabBarController.swift in Sources */,
				FA796D992967270F00A78846 /* MUser.swift in Sources */,
				FA2B77FF296F490E0084D1BD /* Validators.swift in Sources */,
				FAEFAE08296B34F6009C7B45 /* InsertableTextField.swift in Sources */,
				FA4F461D2986E153003EBF36 /* ImageItem.swift in Sources */,
				FAA1A7542950CBB800FD9C1D /* SignUpViewController.swift in Sources */,
				FA1ED8CF295CCE8300403B3D /* ActiveChatCell.swift in Sources */,
				FA6CC5F7294A5961001B5CC3 /* UIFont + Extension.swift in Sources */,
				FA4BD2C62954B865001028FD /* PeopleViewController.swift in Sources */,
				FAA1E3A229732B3100EFDC05 /* FirestoreService.swift in Sources */,
				FAB107FB298AEBCD003EF838 /* EyeButton.swift in Sources */,
				FAEFAE06296B2B12009C7B45 /* ProfileViewController.swift in Sources */,
				FA6CC5E5294A4A37001B5CC3 /* AuthViewController.swift in Sources */,
				FAEFAE0C296B4C0E009C7B45 /* ChatRequestViewController.swift in Sources */,
				FA991825295CAF2800B88EDA /* Bundle-Decodable.swift in Sources */,
				FAA8836F297EE5C90004EAD5 /* ListenerService.swift in Sources */,
				FAA1A75A2950F51D00FD9C1D /* SetupProfileViewController.swift in Sources */,
				FA6CC5E1294A4A37001B5CC3 /* AppDelegate.swift in Sources */,
				FA6CC5FB294A601F001B5CC3 /* UILabel + Extension.swift in Sources */,
				FAA1E3A42973357500EFDC05 /* UserError.swift in Sources */,
				FAA1A75C2950F7B700FD9C1D /* AddPhotoView.swift in Sources */,
				FA3E5B08298FF99F002673AE /* NSLayoutConstraint + Extension.swift in Sources */,
				FAEFAE0A296B3AA9009C7B45 /* UIView + Extension.swift in Sources */,
				FAF394012982F1DC00A052F7 /* ChatsViewController.swift in Sources */,
				FAA1A7502950BF1100FD9C1D /* ButtonFromView.swift in Sources */,
				FAED1E192979DB5F00B85090 /* StorageService.swift in Sources */,
				FAF394032983182300A052F7 /* UIScrollView + Extension .swift in Sources */,
				FA6CC5FD294A611A001B5CC3 /* UIImageView + Extension.swift in Sources */,
				FA796D9D2967403300A78846 /* UserCell.swift in Sources */,
				FA2B7804296F52A50084D1BD /* AuthNavigatingDelegate.swift in Sources */,
				FA796D9F2967421000A78846 /* UIViewController + Extension.swift in Sources */,
				FA6CC5F9294A5A30001B5CC3 /* UIColor + Extension.swift in Sources */,
				FA29B2212965DFA4008EC14B /* WaitingChatCell.swift in Sources */,
				FAED1E1B2979DE7800B85090 /* UIImage + Extension.swift in Sources */,
				FA4BD2BE295490F7001028FD /* UISegmentedControl + Extension .swift in Sources */,
				FA6CC5E3294A4A37001B5CC3 /* SceneDelegate.swift in Sources */,
				FA720A64297F097000E28CF8 /* MMessage.swift in Sources */,
				FA6CC5F5294A573C001B5CC3 /* UIButton + Extension.swift in Sources */,
				FA2B77FD296F3EC00084D1BD /* AuthService.swift in Sources */,
				FAA1A7582950E09600FD9C1D /* LoginViewController.swift in Sources */,
				FA720A66297F279400E28CF8 /* WaitingChatsNavigation.swift in Sources */,
				FAA1A7522950C7D700FD9C1D /* UIStackView + Extension.swift in Sources */,
			);
			runOnlyForDeploymentPostprocessing = 0;
		};
/* End PBXSourcesBuildPhase section */

/* Begin PBXVariantGroup section */
		FA6CC5EB294A4A38001B5CC3 /* LaunchScreen.storyboard */ = {
			isa = PBXVariantGroup;
			children = (
				FA6CC5EC294A4A38001B5CC3 /* Base */,
			);
			name = LaunchScreen.storyboard;
			sourceTree = "<group>";
		};
/* End PBXVariantGroup section */

/* Begin XCBuildConfiguration section */
		FA6CC5EF294A4A38001B5CC3 /* Debug */ = {
			isa = XCBuildConfiguration;
			buildSettings = {
				ALWAYS_SEARCH_USER_PATHS = NO;
				CLANG_ANALYZER_NONNULL = YES;
				CLANG_ANALYZER_NUMBER_OBJECT_CONVERSION = YES_AGGRESSIVE;
				CLANG_CXX_LANGUAGE_STANDARD = "gnu++20";
				CLANG_ENABLE_MODULES = YES;
				CLANG_ENABLE_OBJC_ARC = YES;
				CLANG_ENABLE_OBJC_WEAK = YES;
				CLANG_WARN_BLOCK_CAPTURE_AUTORELEASING = YES;
				CLANG_WARN_BOOL_CONVERSION = YES;
				CLANG_WARN_COMMA = YES;
				CLANG_WARN_CONSTANT_CONVERSION = YES;
				CLANG_WARN_DEPRECATED_OBJC_IMPLEMENTATIONS = YES;
				CLANG_WARN_DIRECT_OBJC_ISA_USAGE = YES_ERROR;
				CLANG_WARN_DOCUMENTATION_COMMENTS = YES;
				CLANG_WARN_EMPTY_BODY = YES;
				CLANG_WARN_ENUM_CONVERSION = YES;
				CLANG_WARN_INFINITE_RECURSION = YES;
				CLANG_WARN_INT_CONVERSION = YES;
				CLANG_WARN_NON_LITERAL_NULL_CONVERSION = YES;
				CLANG_WARN_OBJC_IMPLICIT_RETAIN_SELF = YES;
				CLANG_WARN_OBJC_LITERAL_CONVERSION = YES;
				CLANG_WARN_OBJC_ROOT_CLASS = YES_ERROR;
				CLANG_WARN_QUOTED_INCLUDE_IN_FRAMEWORK_HEADER = YES;
				CLANG_WARN_RANGE_LOOP_ANALYSIS = YES;
				CLANG_WARN_STRICT_PROTOTYPES = YES;
				CLANG_WARN_SUSPICIOUS_MOVE = YES;
				CLANG_WARN_UNGUARDED_AVAILABILITY = YES_AGGRESSIVE;
				CLANG_WARN_UNREACHABLE_CODE = YES;
				CLANG_WARN__DUPLICATE_METHOD_MATCH = YES;
				COPY_PHASE_STRIP = NO;
				DEBUG_INFORMATION_FORMAT = dwarf;
				ENABLE_STRICT_OBJC_MSGSEND = YES;
				ENABLE_TESTABILITY = YES;
				GCC_C_LANGUAGE_STANDARD = gnu11;
				GCC_DYNAMIC_NO_PIC = NO;
				GCC_NO_COMMON_BLOCKS = YES;
				GCC_OPTIMIZATION_LEVEL = 0;
				GCC_PREPROCESSOR_DEFINITIONS = (
					"DEBUG=1",
					"$(inherited)",
				);
				GCC_WARN_64_TO_32_BIT_CONVERSION = YES;
				GCC_WARN_ABOUT_RETURN_TYPE = YES_ERROR;
				GCC_WARN_UNDECLARED_SELECTOR = YES;
				GCC_WARN_UNINITIALIZED_AUTOS = YES_AGGRESSIVE;
				GCC_WARN_UNUSED_FUNCTION = YES;
				GCC_WARN_UNUSED_VARIABLE = YES;
				IPHONEOS_DEPLOYMENT_TARGET = 16.1;
				MTL_ENABLE_DEBUG_INFO = INCLUDE_SOURCE;
				MTL_FAST_MATH = YES;
				ONLY_ACTIVE_ARCH = YES;
				SDKROOT = iphoneos;
				SWIFT_ACTIVE_COMPILATION_CONDITIONS = DEBUG;
				SWIFT_OPTIMIZATION_LEVEL = "-Onone";
			};
			name = Debug;
		};
		FA6CC5F0294A4A38001B5CC3 /* Release */ = {
			isa = XCBuildConfiguration;
			buildSettings = {
				ALWAYS_SEARCH_USER_PATHS = NO;
				CLANG_ANALYZER_NONNULL = YES;
				CLANG_ANALYZER_NUMBER_OBJECT_CONVERSION = YES_AGGRESSIVE;
				CLANG_CXX_LANGUAGE_STANDARD = "gnu++20";
				CLANG_ENABLE_MODULES = YES;
				CLANG_ENABLE_OBJC_ARC = YES;
				CLANG_ENABLE_OBJC_WEAK = YES;
				CLANG_WARN_BLOCK_CAPTURE_AUTORELEASING = YES;
				CLANG_WARN_BOOL_CONVERSION = YES;
				CLANG_WARN_COMMA = YES;
				CLANG_WARN_CONSTANT_CONVERSION = YES;
				CLANG_WARN_DEPRECATED_OBJC_IMPLEMENTATIONS = YES;
				CLANG_WARN_DIRECT_OBJC_ISA_USAGE = YES_ERROR;
				CLANG_WARN_DOCUMENTATION_COMMENTS = YES;
				CLANG_WARN_EMPTY_BODY = YES;
				CLANG_WARN_ENUM_CONVERSION = YES;
				CLANG_WARN_INFINITE_RECURSION = YES;
				CLANG_WARN_INT_CONVERSION = YES;
				CLANG_WARN_NON_LITERAL_NULL_CONVERSION = YES;
				CLANG_WARN_OBJC_IMPLICIT_RETAIN_SELF = YES;
				CLANG_WARN_OBJC_LITERAL_CONVERSION = YES;
				CLANG_WARN_OBJC_ROOT_CLASS = YES_ERROR;
				CLANG_WARN_QUOTED_INCLUDE_IN_FRAMEWORK_HEADER = YES;
				CLANG_WARN_RANGE_LOOP_ANALYSIS = YES;
				CLANG_WARN_STRICT_PROTOTYPES = YES;
				CLANG_WARN_SUSPICIOUS_MOVE = YES;
				CLANG_WARN_UNGUARDED_AVAILABILITY = YES_AGGRESSIVE;
				CLANG_WARN_UNREACHABLE_CODE = YES;
				CLANG_WARN__DUPLICATE_METHOD_MATCH = YES;
				COPY_PHASE_STRIP = NO;
				DEBUG_INFORMATION_FORMAT = "dwarf-with-dsym";
				ENABLE_NS_ASSERTIONS = NO;
				ENABLE_STRICT_OBJC_MSGSEND = YES;
				GCC_C_LANGUAGE_STANDARD = gnu11;
				GCC_NO_COMMON_BLOCKS = YES;
				GCC_WARN_64_TO_32_BIT_CONVERSION = YES;
				GCC_WARN_ABOUT_RETURN_TYPE = YES_ERROR;
				GCC_WARN_UNDECLARED_SELECTOR = YES;
				GCC_WARN_UNINITIALIZED_AUTOS = YES_AGGRESSIVE;
				GCC_WARN_UNUSED_FUNCTION = YES;
				GCC_WARN_UNUSED_VARIABLE = YES;
				IPHONEOS_DEPLOYMENT_TARGET = 16.1;
				MTL_ENABLE_DEBUG_INFO = NO;
				MTL_FAST_MATH = YES;
				SDKROOT = iphoneos;
				SWIFT_COMPILATION_MODE = wholemodule;
				SWIFT_OPTIMIZATION_LEVEL = "-O";
				VALIDATE_PRODUCT = YES;
			};
			name = Release;
		};
		FA6CC5F2294A4A38001B5CC3 /* Debug */ = {
			isa = XCBuildConfiguration;
			baseConfigurationReference = 5B6FF7838D1671007D52E9EF /* Pods-IChat.debug.xcconfig */;
			buildSettings = {
				ASSETCATALOG_COMPILER_APPICON_NAME = AppIcon;
				ASSETCATALOG_COMPILER_GLOBAL_ACCENT_COLOR_NAME = AccentColor;
				CODE_SIGN_STYLE = Automatic;
				CURRENT_PROJECT_VERSION = 1;
				DEVELOPMENT_TEAM = RD328L84B6;
				GENERATE_INFOPLIST_FILE = YES;
				INFOPLIST_FILE = IChat/Info.plist;
				INFOPLIST_KEY_UIApplicationSupportsIndirectInputEvents = YES;
				INFOPLIST_KEY_UILaunchStoryboardName = LaunchScreen;
				INFOPLIST_KEY_UIMainStoryboardFile = "";
				INFOPLIST_KEY_UIStatusBarStyle = "";
				INFOPLIST_KEY_UISupportedInterfaceOrientations = UIInterfaceOrientationPortrait;
				INFOPLIST_KEY_UISupportedInterfaceOrientations_iPad = "UIInterfaceOrientationLandscapeLeft UIInterfaceOrientationLandscapeRight UIInterfaceOrientationPortrait UIInterfaceOrientationPortraitUpsideDown";
				LD_RUNPATH_SEARCH_PATHS = (
					"$(inherited)",
					"@executable_path/Frameworks",
				);
				MARKETING_VERSION = 1.1.0;
				PRODUCT_BUNDLE_IDENTIFIER = ru.planethost.IChat;
				PRODUCT_NAME = "$(TARGET_NAME)";
				SWIFT_EMIT_LOC_STRINGS = YES;
				SWIFT_VERSION = 5.0;
				TARGETED_DEVICE_FAMILY = "1,2";
			};
			name = Debug;
		};
		FA6CC5F3294A4A38001B5CC3 /* Release */ = {
			isa = XCBuildConfiguration;
			baseConfigurationReference = B3033DF1A7BB5FF13A631DAB /* Pods-IChat.release.xcconfig */;
			buildSettings = {
				ASSETCATALOG_COMPILER_APPICON_NAME = AppIcon;
				ASSETCATALOG_COMPILER_GLOBAL_ACCENT_COLOR_NAME = AccentColor;
				CODE_SIGN_STYLE = Automatic;
				CURRENT_PROJECT_VERSION = 1;
				DEVELOPMENT_TEAM = RD328L84B6;
				GENERATE_INFOPLIST_FILE = YES;
				INFOPLIST_FILE = IChat/Info.plist;
				INFOPLIST_KEY_UIApplicationSupportsIndirectInputEvents = YES;
				INFOPLIST_KEY_UILaunchStoryboardName = LaunchScreen;
				INFOPLIST_KEY_UIMainStoryboardFile = "";
				INFOPLIST_KEY_UIStatusBarStyle = "";
				INFOPLIST_KEY_UISupportedInterfaceOrientations = UIInterfaceOrientationPortrait;
				INFOPLIST_KEY_UISupportedInterfaceOrientations_iPad = "UIInterfaceOrientationLandscapeLeft UIInterfaceOrientationLandscapeRight UIInterfaceOrientationPortrait UIInterfaceOrientationPortraitUpsideDown";
				LD_RUNPATH_SEARCH_PATHS = (
					"$(inherited)",
					"@executable_path/Frameworks",
				);
				MARKETING_VERSION = 1.1.0;
				PRODUCT_BUNDLE_IDENTIFIER = ru.planethost.IChat;
				PRODUCT_NAME = "$(TARGET_NAME)";
				SWIFT_EMIT_LOC_STRINGS = YES;
				SWIFT_VERSION = 5.0;
				TARGETED_DEVICE_FAMILY = "1,2";
			};
			name = Release;
		};
/* End XCBuildConfiguration section */

/* Begin XCConfigurationList section */
		FA6CC5D8294A4A37001B5CC3 /* Build configuration list for PBXProject "IChat" */ = {
			isa = XCConfigurationList;
			buildConfigurations = (
				FA6CC5EF294A4A38001B5CC3 /* Debug */,
				FA6CC5F0294A4A38001B5CC3 /* Release */,
			);
			defaultConfigurationIsVisible = 0;
			defaultConfigurationName = Release;
		};
		FA6CC5F1294A4A38001B5CC3 /* Build configuration list for PBXNativeTarget "IChat" */ = {
			isa = XCConfigurationList;
			buildConfigurations = (
				FA6CC5F2294A4A38001B5CC3 /* Debug */,
				FA6CC5F3294A4A38001B5CC3 /* Release */,
			);
			defaultConfigurationIsVisible = 0;
			defaultConfigurationName = Release;
		};
/* End XCConfigurationList section */
	};
	rootObject = FA6CC5D5294A4A37001B5CC3 /* Project object */;
}
